
Microsoft Visual Studio Solution File, Format Version 12.00
# Visual Studio 15
VisualStudioVersion = 15.0.27130.2010
MinimumVisualStudioVersion = 10.0.40219.1
Project("{FAE04EC0-301F-11D3-BF4B-00C04F79EFBC}") = "CityInfo.API", "CityInfo.API\CityInfo.API.csproj", "{B4C45BB1-A932-4F40-9BDD-BBA6B45F4235}"
EndProject
Global
	GlobalSection(SolutionConfigurationPlatforms) = preSolution
		Debug|Any CPU = Debug|Any CPU
		Release|Any CPU = Release|Any CPU
	EndGlobalSection
	GlobalSection(ProjectConfigurationPlatforms) = postSolution
		{B4C45BB1-A932-4F40-9BDD-BBA6B45F4235}.Debug|Any CPU.ActiveCfg = Debug|Any CPU
		{B4C45BB1-A932-4F40-9BDD-BBA6B45F4235}.Debug|Any CPU.Build.0 = Debug|Any CPU
		{B4C45BB1-A932-4F40-9BDD-BBA6B45F4235}.Release|Any CPU.ActiveCfg = Release|Any CPU
		{B4C45BB1-A932-4F40-9BDD-BBA6B45F4235}.Release|Any CPU.Build.0 = Release|Any CPU
	EndGlobalSection
	GlobalSection(SolutionProperties) = preSolution
		HideSolutionNode = FALSE
	EndGlobalSection
	GlobalSection(ExtensibilityGlobals) = postSolution
		SolutionGuid = {20C763A6-C4D5-4504-81F0-17A23EADEB2E}
	EndGlobalSection
EndGlobal
